<?xml version="1.0" encoding="utf-8"?>
<Project ToolsVersion="17.0" xmlns="http://schemas.microsoft.com/developer/msbuild/2003">
  <ItemGroup>
    <CustomBuild Include="C:\Users\mcmco\Desktop\WMMR\build64\CMakeFiles\d006ac980c60d3bbcbcaa4f9922e70bb\INSTALL_force.rule">
      <Filter>CMake Rules</Filter>
    </CustomBuild>
  </ItemGroup>
  <ItemGroup>
    <Filter Include="CMake Rules">
      <UniqueIdentifier>{F2C8BE73-C863-3D02-8AE3-489C89DC31BB}</UniqueIdentifier>
    </Filter>
  </ItemGroup>
</Project>
